
Microsoft Visual Studio Solution File, Format Version 12.00
# Visual Studio 2012
Project("{FAE04EC0-301F-11D3-BF4B-00C04F79EFBC}") = "InfinitespaceStudios.TexturePacker.Pipeline", "InfinitespaceStudios.TexturePacker.Pipeline\InfinitespaceStudios.TexturePacker.Pipeline.csproj", "{BEB218C3-0DFF-4870-81DE-B8691EE79DD3}"
EndProject
Project("{FAE04EC0-301F-11D3-BF4B-00C04F79EFBC}") = "InfinitespaceStudios.TexturePacker", "InfinitespaceStudios.TexturePacker\InfinitespaceStudios.TexturePacker.csproj", "{972089E7-5FAB-43DF-B5E9-E5C06C997653}"
EndProject
Global
	GlobalSection(SolutionConfigurationPlatforms) = preSolution
		Debug|Any CPU = Debug|Any CPU
		Release|Any CPU = Release|Any CPU
	EndGlobalSection
	GlobalSection(ProjectConfigurationPlatforms) = postSolution
		{972089E7-5FAB-43DF-B5E9-E5C06C997653}.Debug|Any CPU.ActiveCfg = Debug|Any CPU
		{972089E7-5FAB-43DF-B5E9-E5C06C997653}.Debug|Any CPU.Build.0 = Debug|Any CPU
		{972089E7-5FAB-43DF-B5E9-E5C06C997653}.Release|Any CPU.ActiveCfg = Release|Any CPU
		{972089E7-5FAB-43DF-B5E9-E5C06C997653}.Release|Any CPU.Build.0 = Release|Any CPU
		{BEB218C3-0DFF-4870-81DE-B8691EE79DD3}.Debug|Any CPU.ActiveCfg = Debug|Any CPU
		{BEB218C3-0DFF-4870-81DE-B8691EE79DD3}.Debug|Any CPU.Build.0 = Debug|Any CPU
		{BEB218C3-0DFF-4870-81DE-B8691EE79DD3}.Release|Any CPU.ActiveCfg = Release|Any CPU
		{BEB218C3-0DFF-4870-81DE-B8691EE79DD3}.Release|Any CPU.Build.0 = Release|Any CPU
	EndGlobalSection
EndGlobal
